// !$*UTF8*$!
{
	archiveVersion = 1;
	classes = {
	};
	objectVersion = 46;
	objects = {

/* Begin PBXBuildFile section */
		1B213BFE1A5AF5EF00B51383 /* SpinnerOverlay.swift in Sources */ = {isa = PBXBuildFile; fileRef = 1B213BFD1A5AF5EF00B51383 /* SpinnerOverlay.swift */; };
		1B7D20F71A5C434600466912 /* Map.storyboard in Resources */ = {isa = PBXBuildFile; fileRef = 1B7D20F61A5C434600466912 /* Map.storyboard */; };
		1B7D20F91A5C43FC00466912 /* MapViewController.swift in Sources */ = {isa = PBXBuildFile; fileRef = 1B7D20F81A5C43FC00466912 /* MapViewController.swift */; };
		1B7D20FB1A5C468000466912 /* List.storyboard in Resources */ = {isa = PBXBuildFile; fileRef = 1B7D20FA1A5C468000466912 /* List.storyboard */; };
		1B7D20FD1A5C471500466912 /* ListViewController.swift in Sources */ = {isa = PBXBuildFile; fileRef = 1B7D20FC1A5C471500466912 /* ListViewController.swift */; };
		1B7D21001A5C497700466912 /* MapKit.framework in Frameworks */ = {isa = PBXBuildFile; fileRef = 1B7D20FE1A5C496D00466912 /* MapKit.framework */; };
		1BAF00FA1A2E47550050B83A /* ViewWithDefaultBackground.swift in Sources */ = {isa = PBXBuildFile; fileRef = 1BAF00F91A2E47550050B83A /* ViewWithDefaultBackground.swift */; };
		1BAF00FC1A2E4A120050B83A /* Constants.swift in Sources */ = {isa = PBXBuildFile; fileRef = 1BAF00FB1A2E4A120050B83A /* Constants.swift */; };
		1BAF01031A2E4DC10050B83A /* UIColor.swift in Sources */ = {isa = PBXBuildFile; fileRef = 1BAF01011A2E4DC10050B83A /* UIColor.swift */; };
		1BAF01041A2E4DC10050B83A /* UIFont.swift in Sources */ = {isa = PBXBuildFile; fileRef = 1BAF01021A2E4DC10050B83A /* UIFont.swift */; };
		1BAF010B1A2E4F070050B83A /* Login.storyboard in Resources */ = {isa = PBXBuildFile; fileRef = 1BAF010A1A2E4F070050B83A /* Login.storyboard */; };
		1BAF010D1A2E4FA20050B83A /* LoginViewController.swift in Sources */ = {isa = PBXBuildFile; fileRef = 1BAF010C1A2E4FA20050B83A /* LoginViewController.swift */; };
		1BAF010F1A2E51520050B83A /* UIButton.swift in Sources */ = {isa = PBXBuildFile; fileRef = 1BAF010E1A2E51520050B83A /* UIButton.swift */; };
		1BAF01111A2E567D0050B83A /* LoginTextField.swift in Sources */ = {isa = PBXBuildFile; fileRef = 1BAF01101A2E567D0050B83A /* LoginTextField.swift */; };
		1BAF011C1A2E5A2A0050B83A /* QuartzCore.framework in Frameworks */ = {isa = PBXBuildFile; fileRef = 1BAF01121A2E5A150050B83A /* QuartzCore.framework */; };
		1BAF011E1A2E61D90050B83A /* TimeUtils.swift in Sources */ = {isa = PBXBuildFile; fileRef = 1BAF011D1A2E61D90050B83A /* TimeUtils.swift */; };
		1BAF01201A2E75DC0050B83A /* GradientButton.swift in Sources */ = {isa = PBXBuildFile; fileRef = 1BAF011F1A2E75DC0050B83A /* GradientButton.swift */; };
		1BAF01261A2E7DE00050B83A /* Parse.framework in Frameworks */ = {isa = PBXBuildFile; fileRef = 1BAF01151A2E5A220050B83A /* Parse.framework */; };
		1BAF01291A2E7F3A0050B83A /* Bolts.framework in Frameworks */ = {isa = PBXBuildFile; fileRef = 1BAF01141A2E5A220050B83A /* Bolts.framework */; };
		1BAF012A1A2E7F3A0050B83A /* ParseFacebookUtils.framework in Frameworks */ = {isa = PBXBuildFile; fileRef = 1BAF01161A2E5A220050B83A /* ParseFacebookUtils.framework */; };
		1BAF012B1A2E7F3A0050B83A /* ParseUI.framework in Frameworks */ = {isa = PBXBuildFile; fileRef = 1BAF01171A2E5A220050B83A /* ParseUI.framework */; };
		1BAF012E1A2E80780050B83A /* libz.1.1.3.dylib in Frameworks */ = {isa = PBXBuildFile; fileRef = 1BAF012C1A2E806F0050B83A /* libz.1.1.3.dylib */; };
		1BAF01431A2E815C0050B83A /* Foundation.framework in Frameworks */ = {isa = PBXBuildFile; fileRef = 1BAF01411A2E81500050B83A /* Foundation.framework */; };
		1BAF01441A2E815C0050B83A /* UIKit.framework in Frameworks */ = {isa = PBXBuildFile; fileRef = 1BAF013F1A2E81480050B83A /* UIKit.framework */; };
		1BAF01451A2E815C0050B83A /* CFNetwork.framework in Frameworks */ = {isa = PBXBuildFile; fileRef = 1BAF013D1A2E812B0050B83A /* CFNetwork.framework */; };
		1BAF01461A2E815C0050B83A /* SystemConfiguration.framework in Frameworks */ = {isa = PBXBuildFile; fileRef = 1BAF013B1A2E81240050B83A /* SystemConfiguration.framework */; };
		1BAF01471A2E815C0050B83A /* MobileCoreServices.framework in Frameworks */ = {isa = PBXBuildFile; fileRef = 1BAF01391A2E811A0050B83A /* MobileCoreServices.framework */; };
		1BAF01481A2E815C0050B83A /* AudioToolbox.framework in Frameworks */ = {isa = PBXBuildFile; fileRef = 1BAF01371A2E810D0050B83A /* AudioToolbox.framework */; };
		1BAF01491A2E815C0050B83A /* Security.framework in Frameworks */ = {isa = PBXBuildFile; fileRef = 1BAF01351A2E80FC0050B83A /* Security.framework */; };
		1BAF014A1A2E815C0050B83A /* CoreGraphics.framework in Frameworks */ = {isa = PBXBuildFile; fileRef = 1BAF01331A2E80F30050B83A /* CoreGraphics.framework */; };
		1BAF014B1A2E815C0050B83A /* StoreKit.framework in Frameworks */ = {isa = PBXBuildFile; fileRef = 1BAF01311A2E80970050B83A /* StoreKit.framework */; };
		1BAF014C1A2E815C0050B83A /* CoreLocation.framework in Frameworks */ = {isa = PBXBuildFile; fileRef = 1BAF012F1A2E80900050B83A /* CoreLocation.framework */; };
		1BAF014E1A2E85430050B83A /* LoginService.swift in Sources */ = {isa = PBXBuildFile; fileRef = 1BAF014D1A2E85430050B83A /* LoginService.swift */; };
		1BAF01501A2F6C0A0050B83A /* Home.storyboard in Resources */ = {isa = PBXBuildFile; fileRef = 1BAF014F1A2F6C0A0050B83A /* Home.storyboard */; };
		1BAF01521A2F6C1A0050B83A /* HomeViewController.swift in Sources */ = {isa = PBXBuildFile; fileRef = 1BAF01511A2F6C1A0050B83A /* HomeViewController.swift */; };
		1BAF01541A2F6D1C0050B83A /* DebugService.swift in Sources */ = {isa = PBXBuildFile; fileRef = 1BAF01531A2F6D1C0050B83A /* DebugService.swift */; };
		1BAF01561A2F726D0050B83A /* IconButton.swift in Sources */ = {isa = PBXBuildFile; fileRef = 1BAF01551A2F726D0050B83A /* IconButton.swift */; };
		1BAF018E1A2F84400050B83A /* UserPreferencesService.swift in Sources */ = {isa = PBXBuildFile; fileRef = 1BAF018D1A2F84400050B83A /* UserPreferencesService.swift */; };
		1BAF01901A2F87630050B83A /* CircularImage.swift in Sources */ = {isa = PBXBuildFile; fileRef = 1BAF018F1A2F87630050B83A /* CircularImage.swift */; };
		1BD063F61A5B48A000B0DAE2 /* ProfileImageButton.swift in Sources */ = {isa = PBXBuildFile; fileRef = 1BD063F51A5B48A000B0DAE2 /* ProfileImageButton.swift */; };
		1BD063F91A5B54AC00B0DAE2 /* Profile.storyboard in Resources */ = {isa = PBXBuildFile; fileRef = 1BD063F81A5B54AC00B0DAE2 /* Profile.storyboard */; };
		1BD063FB1A5B54BD00B0DAE2 /* ProfileViewController.swift in Sources */ = {isa = PBXBuildFile; fileRef = 1BD063FA1A5B54BD00B0DAE2 /* ProfileViewController.swift */; };
		1BD86E0A1A5B03D90000B7CA /* RoundIconButton.swift in Sources */ = {isa = PBXBuildFile; fileRef = 1BD86E091A5B03D90000B7CA /* RoundIconButton.swift */; };
		1BD86E0C1A5B07630000B7CA /* Register.storyboard in Resources */ = {isa = PBXBuildFile; fileRef = 1BD86E0B1A5B07630000B7CA /* Register.storyboard */; };
		1BD86E0E1A5B0AE50000B7CA /* FormViewController.swift in Sources */ = {isa = PBXBuildFile; fileRef = 1BD86E0D1A5B0AE50000B7CA /* FormViewController.swift */; };
		1BD86E101A5B0E660000B7CA /* RegisterViewController.swift in Sources */ = {isa = PBXBuildFile; fileRef = 1BD86E0F1A5B0E660000B7CA /* RegisterViewController.swift */; };
		1BF111D31A2CFE9700E98C22 /* Images.xcassets in Resources */ = {isa = PBXBuildFile; fileRef = 1BF111D21A2CFE9700E98C22 /* Images.xcassets */; };
		1BF111E21A2CFE9800E98C22 /* KoolieTests.swift in Sources */ = {isa = PBXBuildFile; fileRef = 1BF111E11A2CFE9800E98C22 /* KoolieTests.swift */; };
		1BF111F81A2D032700E98C22 /* LaunchScreen.xib in Resources */ = {isa = PBXBuildFile; fileRef = 1BF111F41A2D032700E98C22 /* LaunchScreen.xib */; };
		1BF111FC1A2D042600E98C22 /* AppDelegate.swift in Sources */ = {isa = PBXBuildFile; fileRef = 1BF111FB1A2D042600E98C22 /* AppDelegate.swift */; };
		1BF1121A1A2D050D00E98C22 /* Koolie.xcdatamodeld in Sources */ = {isa = PBXBuildFile; fileRef = 1BF112101A2D050D00E98C22 /* Koolie.xcdatamodeld */; };
		1BF1121B1A2D050D00E98C22 /* DatabaseHandler.swift in Sources */ = {isa = PBXBuildFile; fileRef = 1BF112171A2D050D00E98C22 /* DatabaseHandler.swift */; };
/* End PBXBuildFile section */

/* Begin PBXContainerItemProxy section */
		1BF111DC1A2CFE9800E98C22 /* PBXContainerItemProxy */ = {
			isa = PBXContainerItemProxy;
			containerPortal = 1BF111BB1A2CFE9700E98C22 /* Project object */;
			proxyType = 1;
			remoteGlobalIDString = 1BF111C21A2CFE9700E98C22;
			remoteInfo = Koolie;
		};
/* End PBXContainerItemProxy section */

/* Begin PBXFileReference section */
		1B213BFD1A5AF5EF00B51383 /* SpinnerOverlay.swift */ = {isa = PBXFileReference; fileEncoding = 4; lastKnownFileType = sourcecode.swift; path = SpinnerOverlay.swift; sourceTree = "<group>"; };
		1B7D20F61A5C434600466912 /* Map.storyboard */ = {isa = PBXFileReference; fileEncoding = 4; lastKnownFileType = file.storyboard; path = Map.storyboard; sourceTree = "<group>"; };
		1B7D20F81A5C43FC00466912 /* MapViewController.swift */ = {isa = PBXFileReference; fileEncoding = 4; lastKnownFileType = sourcecode.swift; path = MapViewController.swift; sourceTree = "<group>"; };
		1B7D20FA1A5C468000466912 /* List.storyboard */ = {isa = PBXFileReference; fileEncoding = 4; lastKnownFileType = file.storyboard; path = List.storyboard; sourceTree = "<group>"; };
		1B7D20FC1A5C471500466912 /* ListViewController.swift */ = {isa = PBXFileReference; fileEncoding = 4; lastKnownFileType = sourcecode.swift; path = ListViewController.swift; sourceTree = "<group>"; };
		1B7D20FE1A5C496D00466912 /* MapKit.framework */ = {isa = PBXFileReference; lastKnownFileType = wrapper.framework; name = MapKit.framework; path = System/Library/Frameworks/MapKit.framework; sourceTree = SDKROOT; };
		1BAF00F91A2E47550050B83A /* ViewWithDefaultBackground.swift */ = {isa = PBXFileReference; fileEncoding = 4; lastKnownFileType = sourcecode.swift; path = ViewWithDefaultBackground.swift; sourceTree = "<group>"; };
		1BAF00FB1A2E4A120050B83A /* Constants.swift */ = {isa = PBXFileReference; fileEncoding = 4; lastKnownFileType = sourcecode.swift; path = Constants.swift; sourceTree = "<group>"; };
		1BAF01011A2E4DC10050B83A /* UIColor.swift */ = {isa = PBXFileReference; fileEncoding = 4; lastKnownFileType = sourcecode.swift; path = UIColor.swift; sourceTree = "<group>"; };
		1BAF01021A2E4DC10050B83A /* UIFont.swift */ = {isa = PBXFileReference; fileEncoding = 4; lastKnownFileType = sourcecode.swift; path = UIFont.swift; sourceTree = "<group>"; };
		1BAF010A1A2E4F070050B83A /* Login.storyboard */ = {isa = PBXFileReference; fileEncoding = 4; lastKnownFileType = file.storyboard; path = Login.storyboard; sourceTree = "<group>"; };
		1BAF010C1A2E4FA20050B83A /* LoginViewController.swift */ = {isa = PBXFileReference; fileEncoding = 4; lastKnownFileType = sourcecode.swift; path = LoginViewController.swift; sourceTree = "<group>"; };
		1BAF010E1A2E51520050B83A /* UIButton.swift */ = {isa = PBXFileReference; fileEncoding = 4; lastKnownFileType = sourcecode.swift; path = UIButton.swift; sourceTree = "<group>"; };
		1BAF01101A2E567D0050B83A /* LoginTextField.swift */ = {isa = PBXFileReference; fileEncoding = 4; lastKnownFileType = sourcecode.swift; path = LoginTextField.swift; sourceTree = "<group>"; };
		1BAF01121A2E5A150050B83A /* QuartzCore.framework */ = {isa = PBXFileReference; lastKnownFileType = wrapper.framework; name = QuartzCore.framework; path = System/Library/Frameworks/QuartzCore.framework; sourceTree = SDKROOT; };
		1BAF01141A2E5A220050B83A /* Bolts.framework */ = {isa = PBXFileReference; lastKnownFileType = wrapper.framework; path = Bolts.framework; sourceTree = "<group>"; };
		1BAF01151A2E5A220050B83A /* Parse.framework */ = {isa = PBXFileReference; lastKnownFileType = wrapper.framework; path = Parse.framework; sourceTree = "<group>"; };
		1BAF01161A2E5A220050B83A /* ParseFacebookUtils.framework */ = {isa = PBXFileReference; lastKnownFileType = wrapper.framework; path = ParseFacebookUtils.framework; sourceTree = "<group>"; };
		1BAF01171A2E5A220050B83A /* ParseUI.framework */ = {isa = PBXFileReference; lastKnownFileType = wrapper.framework; path = ParseUI.framework; sourceTree = "<group>"; };
		1BAF011D1A2E61D90050B83A /* TimeUtils.swift */ = {isa = PBXFileReference; fileEncoding = 4; lastKnownFileType = sourcecode.swift; path = TimeUtils.swift; sourceTree = "<group>"; };
		1BAF011F1A2E75DC0050B83A /* GradientButton.swift */ = {isa = PBXFileReference; fileEncoding = 4; lastKnownFileType = sourcecode.swift; path = GradientButton.swift; sourceTree = "<group>"; };
		1BAF01211A2E7D7C0050B83A /* Koolie-Bridging-Header.h */ = {isa = PBXFileReference; lastKnownFileType = sourcecode.c.h; path = "Koolie-Bridging-Header.h"; sourceTree = "<group>"; };
		1BAF012C1A2E806F0050B83A /* libz.1.1.3.dylib */ = {isa = PBXFileReference; lastKnownFileType = "compiled.mach-o.dylib"; name = libz.1.1.3.dylib; path = usr/lib/libz.1.1.3.dylib; sourceTree = SDKROOT; };
		1BAF012F1A2E80900050B83A /* CoreLocation.framework */ = {isa = PBXFileReference; lastKnownFileType = wrapper.framework; name = CoreLocation.framework; path = System/Library/Frameworks/CoreLocation.framework; sourceTree = SDKROOT; };
		1BAF01311A2E80970050B83A /* StoreKit.framework */ = {isa = PBXFileReference; lastKnownFileType = wrapper.framework; name = StoreKit.framework; path = System/Library/Frameworks/StoreKit.framework; sourceTree = SDKROOT; };
		1BAF01331A2E80F30050B83A /* CoreGraphics.framework */ = {isa = PBXFileReference; lastKnownFileType = wrapper.framework; name = CoreGraphics.framework; path = System/Library/Frameworks/CoreGraphics.framework; sourceTree = SDKROOT; };
		1BAF01351A2E80FC0050B83A /* Security.framework */ = {isa = PBXFileReference; lastKnownFileType = wrapper.framework; name = Security.framework; path = System/Library/Frameworks/Security.framework; sourceTree = SDKROOT; };
		1BAF01371A2E810D0050B83A /* AudioToolbox.framework */ = {isa = PBXFileReference; lastKnownFileType = wrapper.framework; name = AudioToolbox.framework; path = System/Library/Frameworks/AudioToolbox.framework; sourceTree = SDKROOT; };
		1BAF01391A2E811A0050B83A /* MobileCoreServices.framework */ = {isa = PBXFileReference; lastKnownFileType = wrapper.framework; name = MobileCoreServices.framework; path = System/Library/Frameworks/MobileCoreServices.framework; sourceTree = SDKROOT; };
		1BAF013B1A2E81240050B83A /* SystemConfiguration.framework */ = {isa = PBXFileReference; lastKnownFileType = wrapper.framework; name = SystemConfiguration.framework; path = System/Library/Frameworks/SystemConfiguration.framework; sourceTree = SDKROOT; };
		1BAF013D1A2E812B0050B83A /* CFNetwork.framework */ = {isa = PBXFileReference; lastKnownFileType = wrapper.framework; name = CFNetwork.framework; path = System/Library/Frameworks/CFNetwork.framework; sourceTree = SDKROOT; };
		1BAF013F1A2E81480050B83A /* UIKit.framework */ = {isa = PBXFileReference; lastKnownFileType = wrapper.framework; name = UIKit.framework; path = System/Library/Frameworks/UIKit.framework; sourceTree = SDKROOT; };
		1BAF01411A2E81500050B83A /* Foundation.framework */ = {isa = PBXFileReference; lastKnownFileType = wrapper.framework; name = Foundation.framework; path = System/Library/Frameworks/Foundation.framework; sourceTree = SDKROOT; };
		1BAF014D1A2E85430050B83A /* LoginService.swift */ = {isa = PBXFileReference; fileEncoding = 4; lastKnownFileType = sourcecode.swift; path = LoginService.swift; sourceTree = "<group>"; };
		1BAF014F1A2F6C0A0050B83A /* Home.storyboard */ = {isa = PBXFileReference; fileEncoding = 4; lastKnownFileType = file.storyboard; path = Home.storyboard; sourceTree = "<group>"; };
		1BAF01511A2F6C1A0050B83A /* HomeViewController.swift */ = {isa = PBXFileReference; fileEncoding = 4; lastKnownFileType = sourcecode.swift; path = HomeViewController.swift; sourceTree = "<group>"; };
		1BAF01531A2F6D1C0050B83A /* DebugService.swift */ = {isa = PBXFileReference; fileEncoding = 4; lastKnownFileType = sourcecode.swift; path = DebugService.swift; sourceTree = "<group>"; };
		1BAF01551A2F726D0050B83A /* IconButton.swift */ = {isa = PBXFileReference; fileEncoding = 4; lastKnownFileType = sourcecode.swift; path = IconButton.swift; sourceTree = "<group>"; };
		1BAF018D1A2F84400050B83A /* UserPreferencesService.swift */ = {isa = PBXFileReference; fileEncoding = 4; lastKnownFileType = sourcecode.swift; path = UserPreferencesService.swift; sourceTree = "<group>"; };
		1BAF018F1A2F87630050B83A /* CircularImage.swift */ = {isa = PBXFileReference; fileEncoding = 4; lastKnownFileType = sourcecode.swift; path = CircularImage.swift; sourceTree = "<group>"; };
		1BD063F51A5B48A000B0DAE2 /* ProfileImageButton.swift */ = {isa = PBXFileReference; fileEncoding = 4; lastKnownFileType = sourcecode.swift; path = ProfileImageButton.swift; sourceTree = "<group>"; };
		1BD063F81A5B54AC00B0DAE2 /* Profile.storyboard */ = {isa = PBXFileReference; fileEncoding = 4; lastKnownFileType = file.storyboard; path = Profile.storyboard; sourceTree = "<group>"; };
		1BD063FA1A5B54BD00B0DAE2 /* ProfileViewController.swift */ = {isa = PBXFileReference; fileEncoding = 4; lastKnownFileType = sourcecode.swift; path = ProfileViewController.swift; sourceTree = "<group>"; };
		1BD86E091A5B03D90000B7CA /* RoundIconButton.swift */ = {isa = PBXFileReference; fileEncoding = 4; lastKnownFileType = sourcecode.swift; path = RoundIconButton.swift; sourceTree = "<group>"; };
		1BD86E0B1A5B07630000B7CA /* Register.storyboard */ = {isa = PBXFileReference; fileEncoding = 4; lastKnownFileType = file.storyboard; path = Register.storyboard; sourceTree = "<group>"; };
		1BD86E0D1A5B0AE50000B7CA /* FormViewController.swift */ = {isa = PBXFileReference; fileEncoding = 4; lastKnownFileType = sourcecode.swift; path = FormViewController.swift; sourceTree = "<group>"; };
		1BD86E0F1A5B0E660000B7CA /* RegisterViewController.swift */ = {isa = PBXFileReference; fileEncoding = 4; lastKnownFileType = sourcecode.swift; path = RegisterViewController.swift; sourceTree = "<group>"; };
		1BF111C31A2CFE9700E98C22 /* Koolie.app */ = {isa = PBXFileReference; explicitFileType = wrapper.application; includeInIndex = 0; path = Koolie.app; sourceTree = BUILT_PRODUCTS_DIR; };
		1BF111C71A2CFE9700E98C22 /* Info.plist */ = {isa = PBXFileReference; lastKnownFileType = text.plist.xml; path = Info.plist; sourceTree = "<group>"; };
		1BF111D21A2CFE9700E98C22 /* Images.xcassets */ = {isa = PBXFileReference; lastKnownFileType = folder.assetcatalog; path = Images.xcassets; sourceTree = "<group>"; };
		1BF111DB1A2CFE9800E98C22 /* KoolieTests.xctest */ = {isa = PBXFileReference; explicitFileType = wrapper.cfbundle; includeInIndex = 0; path = KoolieTests.xctest; sourceTree = BUILT_PRODUCTS_DIR; };
		1BF111E01A2CFE9800E98C22 /* Info.plist */ = {isa = PBXFileReference; lastKnownFileType = text.plist.xml; path = Info.plist; sourceTree = "<group>"; };
		1BF111E11A2CFE9800E98C22 /* KoolieTests.swift */ = {isa = PBXFileReference; lastKnownFileType = sourcecode.swift; path = KoolieTests.swift; sourceTree = "<group>"; };
		1BF111F51A2D032700E98C22 /* Base */ = {isa = PBXFileReference; lastKnownFileType = file.xib; name = Base; path = LaunchScreen.xib; sourceTree = "<group>"; };
		1BF111FB1A2D042600E98C22 /* AppDelegate.swift */ = {isa = PBXFileReference; fileEncoding = 4; lastKnownFileType = sourcecode.swift; path = AppDelegate.swift; sourceTree = "<group>"; };
		1BF112111A2D050D00E98C22 /* Koolie.xcdatamodel */ = {isa = PBXFileReference; lastKnownFileType = wrapper.xcdatamodel; path = Koolie.xcdatamodel; sourceTree = "<group>"; };
		1BF112171A2D050D00E98C22 /* DatabaseHandler.swift */ = {isa = PBXFileReference; fileEncoding = 4; lastKnownFileType = sourcecode.swift; path = DatabaseHandler.swift; sourceTree = "<group>"; };
/* End PBXFileReference section */

/* Begin PBXFrameworksBuildPhase section */
		1BF111C01A2CFE9700E98C22 /* Frameworks */ = {
			isa = PBXFrameworksBuildPhase;
			buildActionMask = 2147483647;
			files = (
				1BAF01431A2E815C0050B83A /* Foundation.framework in Frameworks */,
				1B7D21001A5C497700466912 /* MapKit.framework in Frameworks */,
				1BAF01441A2E815C0050B83A /* UIKit.framework in Frameworks */,
				1BAF01451A2E815C0050B83A /* CFNetwork.framework in Frameworks */,
				1BAF01461A2E815C0050B83A /* SystemConfiguration.framework in Frameworks */,
				1BAF01471A2E815C0050B83A /* MobileCoreServices.framework in Frameworks */,
				1BAF01481A2E815C0050B83A /* AudioToolbox.framework in Frameworks */,
				1BAF01491A2E815C0050B83A /* Security.framework in Frameworks */,
				1BAF014A1A2E815C0050B83A /* CoreGraphics.framework in Frameworks */,
				1BAF014B1A2E815C0050B83A /* StoreKit.framework in Frameworks */,
				1BAF014C1A2E815C0050B83A /* CoreLocation.framework in Frameworks */,
				1BAF012E1A2E80780050B83A /* libz.1.1.3.dylib in Frameworks */,
				1BAF011C1A2E5A2A0050B83A /* QuartzCore.framework in Frameworks */,
				1BAF01291A2E7F3A0050B83A /* Bolts.framework in Frameworks */,
				1BAF01261A2E7DE00050B83A /* Parse.framework in Frameworks */,
				1BAF012A1A2E7F3A0050B83A /* ParseFacebookUtils.framework in Frameworks */,
				1BAF012B1A2E7F3A0050B83A /* ParseUI.framework in Frameworks */,
			);
			runOnlyForDeploymentPostprocessing = 0;
		};
		1BF111D81A2CFE9800E98C22 /* Frameworks */ = {
			isa = PBXFrameworksBuildPhase;
			buildActionMask = 2147483647;
			files = (
			);
			runOnlyForDeploymentPostprocessing = 0;
		};
/* End PBXFrameworksBuildPhase section */

/* Begin PBXGroup section */
		1BAF01051A2E4EFA0050B83A /* home */ = {
			isa = PBXGroup;
			children = (
				1BAF014F1A2F6C0A0050B83A /* Home.storyboard */,
				1BAF01511A2F6C1A0050B83A /* HomeViewController.swift */,
			);
			path = home;
			sourceTree = "<group>";
		};
		1BAF01061A2E4EFA0050B83A /* list */ = {
			isa = PBXGroup;
			children = (
				1B7D20FA1A5C468000466912 /* List.storyboard */,
				1B7D20FC1A5C471500466912 /* ListViewController.swift */,
			);
			path = list;
			sourceTree = "<group>";
		};
		1BAF01071A2E4EFA0050B83A /* login */ = {
			isa = PBXGroup;
			children = (
				1BD86E0D1A5B0AE50000B7CA /* FormViewController.swift */,
				1BAF010A1A2E4F070050B83A /* Login.storyboard */,
				1BAF01101A2E567D0050B83A /* LoginTextField.swift */,
				1BAF010C1A2E4FA20050B83A /* LoginViewController.swift */,
			);
			path = login;
			sourceTree = "<group>";
		};
		1BAF01081A2E4EFA0050B83A /* map */ = {
			isa = PBXGroup;
			children = (
				1B7D20F61A5C434600466912 /* Map.storyboard */,
				1B7D20F81A5C43FC00466912 /* MapViewController.swift */,
			);
			path = map;
			sourceTree = "<group>";
		};
		1BD86E071A5B02B70000B7CA /* profile */ = {
			isa = PBXGroup;
			children = (
				1BD063F81A5B54AC00B0DAE2 /* Profile.storyboard */,
				1BD063FA1A5B54BD00B0DAE2 /* ProfileViewController.swift */,
			);
			path = profile;
			sourceTree = "<group>";
		};
		1BD86E081A5B02B70000B7CA /* register */ = {
			isa = PBXGroup;
			children = (
				1BD86E0B1A5B07630000B7CA /* Register.storyboard */,
				1BD86E0F1A5B0E660000B7CA /* RegisterViewController.swift */,
			);
			path = register;
			sourceTree = "<group>";
		};
		1BF111BA1A2CFE9700E98C22 = {
			isa = PBXGroup;
			children = (
				1BF111C51A2CFE9700E98C22 /* Koolie */,
				1BF111DE1A2CFE9800E98C22 /* KoolieTests */,
				1BF111C41A2CFE9700E98C22 /* Products */,
			);
			sourceTree = "<group>";
		};
		1BF111C41A2CFE9700E98C22 /* Products */ = {
			isa = PBXGroup;
			children = (
				1BF111C31A2CFE9700E98C22 /* Koolie.app */,
				1BF111DB1A2CFE9800E98C22 /* KoolieTests.xctest */,
			);
			name = Products;
			sourceTree = "<group>";
		};
		1BF111C51A2CFE9700E98C22 /* Koolie */ = {
			isa = PBXGroup;
			children = (
				1BF111FA1A2D041000E98C22 /* main */,
				1BF111EB1A2D030700E98C22 /* com */,
				1BF111D21A2CFE9700E98C22 /* Images.xcassets */,
				1BF111C61A2CFE9700E98C22 /* Supporting Files */,
			);
			path = Koolie;
			sourceTree = "<group>";
		};
		1BF111C61A2CFE9700E98C22 /* Supporting Files */ = {
			isa = PBXGroup;
			children = (
				1BF111C71A2CFE9700E98C22 /* Info.plist */,
			);
			name = "Supporting Files";
			sourceTree = "<group>";
		};
		1BF111DE1A2CFE9800E98C22 /* KoolieTests */ = {
			isa = PBXGroup;
			children = (
				1BF111E11A2CFE9800E98C22 /* KoolieTests.swift */,
				1BF111DF1A2CFE9800E98C22 /* Supporting Files */,
			);
			path = KoolieTests;
			sourceTree = "<group>";
		};
		1BF111DF1A2CFE9800E98C22 /* Supporting Files */ = {
			isa = PBXGroup;
			children = (
				1BF111E01A2CFE9800E98C22 /* Info.plist */,
			);
			name = "Supporting Files";
			sourceTree = "<group>";
		};
		1BF111EB1A2D030700E98C22 /* com */ = {
			isa = PBXGroup;
			children = (
				1BF1120E1A2D050D00E98C22 /* constants */,
				1BF1120F1A2D050D00E98C22 /* data */,
				1BF112121A2D050D00E98C22 /* fonts */,
				1BF112131A2D050D00E98C22 /* libs */,
				1BF112141A2D050D00E98C22 /* models */,
				1BF112151A2D050D00E98C22 /* modules */,
				1BF112161A2D050D00E98C22 /* services */,
				1BF112181A2D050D00E98C22 /* ui */,
				1BF112191A2D050D00E98C22 /* utils */,
			);
			path = com;
			sourceTree = "<group>";
		};
		1BF111FA1A2D041000E98C22 /* main */ = {
			isa = PBXGroup;
			children = (
				1BF111FB1A2D042600E98C22 /* AppDelegate.swift */,
				1BF111F41A2D032700E98C22 /* LaunchScreen.xib */,
				1BAF01211A2E7D7C0050B83A /* Koolie-Bridging-Header.h */,
			);
			name = main;
			sourceTree = "<group>";
		};
		1BF1120E1A2D050D00E98C22 /* constants */ = {
			isa = PBXGroup;
			children = (
				1BAF00FB1A2E4A120050B83A /* Constants.swift */,
				1BAF01011A2E4DC10050B83A /* UIColor.swift */,
				1BAF01021A2E4DC10050B83A /* UIFont.swift */,
			);
			path = constants;
			sourceTree = "<group>";
		};
		1BF1120F1A2D050D00E98C22 /* data */ = {
			isa = PBXGroup;
			children = (
				1BF112101A2D050D00E98C22 /* Koolie.xcdatamodeld */,
			);
			path = data;
			sourceTree = "<group>";
		};
		1BF112121A2D050D00E98C22 /* fonts */ = {
			isa = PBXGroup;
			children = (
			);
			path = fonts;
			sourceTree = "<group>";
		};
		1BF112131A2D050D00E98C22 /* libs */ = {
			isa = PBXGroup;
			children = (
				1B7D20FE1A5C496D00466912 /* MapKit.framework */,
				1BAF01371A2E810D0050B83A /* AudioToolbox.framework */,
				1BAF01141A2E5A220050B83A /* Bolts.framework */,
				1BAF013D1A2E812B0050B83A /* CFNetwork.framework */,
				1BAF01331A2E80F30050B83A /* CoreGraphics.framework */,
				1BAF012F1A2E80900050B83A /* CoreLocation.framework */,
				1BAF01411A2E81500050B83A /* Foundation.framework */,
				1BAF012C1A2E806F0050B83A /* libz.1.1.3.dylib */,
				1BAF01391A2E811A0050B83A /* MobileCoreServices.framework */,
				1BAF01151A2E5A220050B83A /* Parse.framework */,
				1BAF01161A2E5A220050B83A /* ParseFacebookUtils.framework */,
				1BAF01171A2E5A220050B83A /* ParseUI.framework */,
				1BAF01121A2E5A150050B83A /* QuartzCore.framework */,
				1BAF01351A2E80FC0050B83A /* Security.framework */,
				1BAF01311A2E80970050B83A /* StoreKit.framework */,
				1BAF013B1A2E81240050B83A /* SystemConfiguration.framework */,
				1BAF013F1A2E81480050B83A /* UIKit.framework */,
			);
			path = libs;
			sourceTree = "<group>";
		};
		1BF112141A2D050D00E98C22 /* models */ = {
			isa = PBXGroup;
			children = (
			);
			path = models;
			sourceTree = "<group>";
		};
		1BF112151A2D050D00E98C22 /* modules */ = {
			isa = PBXGroup;
			children = (
				1BAF01051A2E4EFA0050B83A /* home */,
				1BAF01061A2E4EFA0050B83A /* list */,
				1BAF01071A2E4EFA0050B83A /* login */,
				1BAF01081A2E4EFA0050B83A /* map */,
				1BD86E071A5B02B70000B7CA /* profile */,
				1BD86E081A5B02B70000B7CA /* register */,
			);
			path = modules;
			sourceTree = "<group>";
		};
		1BF112161A2D050D00E98C22 /* services */ = {
			isa = PBXGroup;
			children = (
				1BF112171A2D050D00E98C22 /* DatabaseHandler.swift */,
				1BAF01531A2F6D1C0050B83A /* DebugService.swift */,
				1BAF014D1A2E85430050B83A /* LoginService.swift */,
				1BAF018D1A2F84400050B83A /* UserPreferencesService.swift */,
			);
			path = services;
			sourceTree = "<group>";
		};
		1BF112181A2D050D00E98C22 /* ui */ = {
			isa = PBXGroup;
			children = (
				1BAF018F1A2F87630050B83A /* CircularImage.swift */,
				1BAF011F1A2E75DC0050B83A /* GradientButton.swift */,
				1BAF01551A2F726D0050B83A /* IconButton.swift */,
				1BD063F51A5B48A000B0DAE2 /* ProfileImageButton.swift */,
				1BD86E091A5B03D90000B7CA /* RoundIconButton.swift */,
				1B213BFD1A5AF5EF00B51383 /* SpinnerOverlay.swift */,
				1BAF010E1A2E51520050B83A /* UIButton.swift */,
				1BAF00F91A2E47550050B83A /* ViewWithDefaultBackground.swift */,
			);
			path = ui;
			sourceTree = "<group>";
		};
		1BF112191A2D050D00E98C22 /* utils */ = {
			isa = PBXGroup;
			children = (
				1BAF011D1A2E61D90050B83A /* TimeUtils.swift */,
			);
			path = utils;
			sourceTree = "<group>";
		};
/* End PBXGroup section */

/* Begin PBXNativeTarget section */
		1BF111C21A2CFE9700E98C22 /* Koolie */ = {
			isa = PBXNativeTarget;
			buildConfigurationList = 1BF111E51A2CFE9800E98C22 /* Build configuration list for PBXNativeTarget "Koolie" */;
			buildPhases = (
				1BF111BF1A2CFE9700E98C22 /* Sources */,
				1BF111C01A2CFE9700E98C22 /* Frameworks */,
				1BF111C11A2CFE9700E98C22 /* Resources */,
			);
			buildRules = (
			);
			dependencies = (
			);
			name = Koolie;
			productName = Koolie;
			productReference = 1BF111C31A2CFE9700E98C22 /* Koolie.app */;
			productType = "com.apple.product-type.application";
		};
		1BF111DA1A2CFE9800E98C22 /* KoolieTests */ = {
			isa = PBXNativeTarget;
			buildConfigurationList = 1BF111E81A2CFE9800E98C22 /* Build configuration list for PBXNativeTarget "KoolieTests" */;
			buildPhases = (
				1BF111D71A2CFE9800E98C22 /* Sources */,
				1BF111D81A2CFE9800E98C22 /* Frameworks */,
				1BF111D91A2CFE9800E98C22 /* Resources */,
			);
			buildRules = (
			);
			dependencies = (
				1BF111DD1A2CFE9800E98C22 /* PBXTargetDependency */,
			);
			name = KoolieTests;
			productName = KoolieTests;
			productReference = 1BF111DB1A2CFE9800E98C22 /* KoolieTests.xctest */;
			productType = "com.apple.product-type.bundle.unit-test";
		};
/* End PBXNativeTarget section */

/* Begin PBXProject section */
		1BF111BB1A2CFE9700E98C22 /* Project object */ = {
			isa = PBXProject;
			attributes = {
				LastUpgradeCheck = 0610;
				ORGANIZATIONNAME = "Paul Yuan";
				TargetAttributes = {
					1BF111C21A2CFE9700E98C22 = {
						CreatedOnToolsVersion = 6.1;
					};
					1BF111DA1A2CFE9800E98C22 = {
						CreatedOnToolsVersion = 6.1;
						TestTargetID = 1BF111C21A2CFE9700E98C22;
					};
				};
			};
			buildConfigurationList = 1BF111BE1A2CFE9700E98C22 /* Build configuration list for PBXProject "Koolie" */;
			compatibilityVersion = "Xcode 3.2";
			developmentRegion = English;
			hasScannedForEncodings = 0;
			knownRegions = (
				en,
				Base,
			);
			mainGroup = 1BF111BA1A2CFE9700E98C22;
			productRefGroup = 1BF111C41A2CFE9700E98C22 /* Products */;
			projectDirPath = "";
			projectRoot = "";
			targets = (
				1BF111C21A2CFE9700E98C22 /* Koolie */,
				1BF111DA1A2CFE9800E98C22 /* KoolieTests */,
			);
		};
/* End PBXProject section */

/* Begin PBXResourcesBuildPhase section */
		1BF111C11A2CFE9700E98C22 /* Resources */ = {
			isa = PBXResourcesBuildPhase;
			buildActionMask = 2147483647;
			files = (
				1BD063F91A5B54AC00B0DAE2 /* Profile.storyboard in Resources */,
				1B7D20F71A5C434600466912 /* Map.storyboard in Resources */,
				1B7D20FB1A5C468000466912 /* List.storyboard in Resources */,
				1BAF010B1A2E4F070050B83A /* Login.storyboard in Resources */,
				1BF111F81A2D032700E98C22 /* LaunchScreen.xib in Resources */,
				1BF111D31A2CFE9700E98C22 /* Images.xcassets in Resources */,
				1BAF01501A2F6C0A0050B83A /* Home.storyboard in Resources */,
				1BD86E0C1A5B07630000B7CA /* Register.storyboard in Resources */,
			);
			runOnlyForDeploymentPostprocessing = 0;
		};
		1BF111D91A2CFE9800E98C22 /* Resources */ = {
			isa = PBXResourcesBuildPhase;
			buildActionMask = 2147483647;
			files = (
			);
			runOnlyForDeploymentPostprocessing = 0;
		};
/* End PBXResourcesBuildPhase section */

/* Begin PBXSourcesBuildPhase section */
		1BF111BF1A2CFE9700E98C22 /* Sources */ = {
			isa = PBXSourcesBuildPhase;
			buildActionMask = 2147483647;
			files = (
				1BAF01561A2F726D0050B83A /* IconButton.swift in Sources */,
				1BD86E101A5B0E660000B7CA /* RegisterViewController.swift in Sources */,
				1BF111FC1A2D042600E98C22 /* AppDelegate.swift in Sources */,
				1BAF014E1A2E85430050B83A /* LoginService.swift in Sources */,
				1BAF01201A2E75DC0050B83A /* GradientButton.swift in Sources */,
				1BF1121A1A2D050D00E98C22 /* Koolie.xcdatamodeld in Sources */,
				1BD063FB1A5B54BD00B0DAE2 /* ProfileViewController.swift in Sources */,
				1BD86E0A1A5B03D90000B7CA /* RoundIconButton.swift in Sources */,
				1B7D20F91A5C43FC00466912 /* MapViewController.swift in Sources */,
				1BAF01031A2E4DC10050B83A /* UIColor.swift in Sources */,
				1BAF01521A2F6C1A0050B83A /* HomeViewController.swift in Sources */,
				1B213BFE1A5AF5EF00B51383 /* SpinnerOverlay.swift in Sources */,
				1BD86E0E1A5B0AE50000B7CA /* FormViewController.swift in Sources */,
				1BAF018E1A2F84400050B83A /* UserPreferencesService.swift in Sources */,
				1BAF01901A2F87630050B83A /* CircularImage.swift in Sources */,
				1BAF011E1A2E61D90050B83A /* TimeUtils.swift in Sources */,
				1BAF00FA1A2E47550050B83A /* ViewWithDefaultBackground.swift in Sources */,
				1BAF010D1A2E4FA20050B83A /* LoginViewController.swift in Sources */,
				1BF1121B1A2D050D00E98C22 /* DatabaseHandler.swift in Sources */,
				1BD063F61A5B48A000B0DAE2 /* ProfileImageButton.swift in Sources */,
				1BAF01541A2F6D1C0050B83A /* DebugService.swift in Sources */,
				1BAF01041A2E4DC10050B83A /* UIFont.swift in Sources */,
				1BAF00FC1A2E4A120050B83A /* Constants.swift in Sources */,
				1BAF010F1A2E51520050B83A /* UIButton.swift in Sources */,
				1B7D20FD1A5C471500466912 /* ListViewController.swift in Sources */,
				1BAF01111A2E567D0050B83A /* LoginTextField.swift in Sources */,
			);
			runOnlyForDeploymentPostprocessing = 0;
		};
		1BF111D71A2CFE9800E98C22 /* Sources */ = {
			isa = PBXSourcesBuildPhase;
			buildActionMask = 2147483647;
			files = (
				1BF111E21A2CFE9800E98C22 /* KoolieTests.swift in Sources */,
			);
			runOnlyForDeploymentPostprocessing = 0;
		};
/* End PBXSourcesBuildPhase section */

/* Begin PBXTargetDependency section */
		1BF111DD1A2CFE9800E98C22 /* PBXTargetDependency */ = {
			isa = PBXTargetDependency;
			target = 1BF111C21A2CFE9700E98C22 /* Koolie */;
			targetProxy = 1BF111DC1A2CFE9800E98C22 /* PBXContainerItemProxy */;
		};
/* End PBXTargetDependency section */

/* Begin PBXVariantGroup section */
		1BF111F41A2D032700E98C22 /* LaunchScreen.xib */ = {
			isa = PBXVariantGroup;
			children = (
				1BF111F51A2D032700E98C22 /* Base */,
			);
			name = LaunchScreen.xib;
			path = Base.lproj;
			sourceTree = "<group>";
		};
/* End PBXVariantGroup section */

/* Begin XCBuildConfiguration section */
		1BF111E31A2CFE9800E98C22 /* Debug */ = {
			isa = XCBuildConfiguration;
			buildSettings = {
				ALWAYS_SEARCH_USER_PATHS = NO;
				CLANG_CXX_LANGUAGE_STANDARD = "gnu++0x";
				CLANG_CXX_LIBRARY = "libc++";
				CLANG_ENABLE_MODULES = YES;
				CLANG_ENABLE_OBJC_ARC = YES;
				CLANG_WARN_BOOL_CONVERSION = YES;
				CLANG_WARN_CONSTANT_CONVERSION = YES;
				CLANG_WARN_DIRECT_OBJC_ISA_USAGE = YES_ERROR;
				CLANG_WARN_EMPTY_BODY = YES;
				CLANG_WARN_ENUM_CONVERSION = YES;
				CLANG_WARN_INT_CONVERSION = YES;
				CLANG_WARN_OBJC_ROOT_CLASS = YES_ERROR;
				CLANG_WARN_UNREACHABLE_CODE = YES;
				CLANG_WARN__DUPLICATE_METHOD_MATCH = YES;
				"CODE_SIGN_IDENTITY[sdk=iphoneos*]" = "iPhone Developer";
				COPY_PHASE_STRIP = NO;
				ENABLE_STRICT_OBJC_MSGSEND = YES;
				GCC_C_LANGUAGE_STANDARD = gnu99;
				GCC_DYNAMIC_NO_PIC = NO;
				GCC_OPTIMIZATION_LEVEL = 0;
				GCC_PREPROCESSOR_DEFINITIONS = (
					"DEBUG=1",
					"$(inherited)",
				);
				GCC_SYMBOLS_PRIVATE_EXTERN = NO;
				GCC_WARN_64_TO_32_BIT_CONVERSION = YES;
				GCC_WARN_ABOUT_RETURN_TYPE = YES_ERROR;
				GCC_WARN_UNDECLARED_SELECTOR = YES;
				GCC_WARN_UNINITIALIZED_AUTOS = YES_AGGRESSIVE;
				GCC_WARN_UNUSED_FUNCTION = YES;
				GCC_WARN_UNUSED_VARIABLE = YES;
				IPHONEOS_DEPLOYMENT_TARGET = 8.1;
				MTL_ENABLE_DEBUG_INFO = YES;
				ONLY_ACTIVE_ARCH = YES;
				SDKROOT = iphoneos;
				SWIFT_OPTIMIZATION_LEVEL = "-Onone";
				TARGETED_DEVICE_FAMILY = "1,2";
			};
			name = Debug;
		};
		1BF111E41A2CFE9800E98C22 /* Release */ = {
			isa = XCBuildConfiguration;
			buildSettings = {
				ALWAYS_SEARCH_USER_PATHS = NO;
				CLANG_CXX_LANGUAGE_STANDARD = "gnu++0x";
				CLANG_CXX_LIBRARY = "libc++";
				CLANG_ENABLE_MODULES = YES;
				CLANG_ENABLE_OBJC_ARC = YES;
				CLANG_WARN_BOOL_CONVERSION = YES;
				CLANG_WARN_CONSTANT_CONVERSION = YES;
				CLANG_WARN_DIRECT_OBJC_ISA_USAGE = YES_ERROR;
				CLANG_WARN_EMPTY_BODY = YES;
				CLANG_WARN_ENUM_CONVERSION = YES;
				CLANG_WARN_INT_CONVERSION = YES;
				CLANG_WARN_OBJC_ROOT_CLASS = YES_ERROR;
				CLANG_WARN_UNREACHABLE_CODE = YES;
				CLANG_WARN__DUPLICATE_METHOD_MATCH = YES;
				"CODE_SIGN_IDENTITY[sdk=iphoneos*]" = "iPhone Developer";
				COPY_PHASE_STRIP = YES;
				ENABLE_NS_ASSERTIONS = NO;
				ENABLE_STRICT_OBJC_MSGSEND = YES;
				GCC_C_LANGUAGE_STANDARD = gnu99;
				GCC_WARN_64_TO_32_BIT_CONVERSION = YES;
				GCC_WARN_ABOUT_RETURN_TYPE = YES_ERROR;
				GCC_WARN_UNDECLARED_SELECTOR = YES;
				GCC_WARN_UNINITIALIZED_AUTOS = YES_AGGRESSIVE;
				GCC_WARN_UNUSED_FUNCTION = YES;
				GCC_WARN_UNUSED_VARIABLE = YES;
				IPHONEOS_DEPLOYMENT_TARGET = 8.1;
				MTL_ENABLE_DEBUG_INFO = NO;
				SDKROOT = iphoneos;
				TARGETED_DEVICE_FAMILY = "1,2";
				VALIDATE_PRODUCT = YES;
			};
			name = Release;
		};
		1BF111E61A2CFE9800E98C22 /* Debug */ = {
			isa = XCBuildConfiguration;
			buildSettings = {
				ASSETCATALOG_COMPILER_APPICON_NAME = AppIcon;
				CLANG_ENABLE_MODULES = YES;
				FRAMEWORK_SEARCH_PATHS = (
					"$(inherited)",
					"$(PROJECT_DIR)/Koolie/com/libs",
				);
				INFOPLIST_FILE = Koolie/Info.plist;
				LD_RUNPATH_SEARCH_PATHS = "$(inherited) @executable_path/Frameworks";
				PRODUCT_NAME = "$(TARGET_NAME)";
				SWIFT_OBJC_BRIDGING_HEADER = "Koolie/Koolie-Bridging-Header.h";
				SWIFT_OPTIMIZATION_LEVEL = "-Onone";
				TARGETED_DEVICE_FAMILY = 1;
			};
			name = Debug;
		};
		1BF111E71A2CFE9800E98C22 /* Release */ = {
			isa = XCBuildConfiguration;
			buildSettings = {
				ASSETCATALOG_COMPILER_APPICON_NAME = AppIcon;
				CLANG_ENABLE_MODULES = YES;
				FRAMEWORK_SEARCH_PATHS = (
					"$(inherited)",
					"$(PROJECT_DIR)/Koolie/com/libs",
				);
				INFOPLIST_FILE = Koolie/Info.plist;
				LD_RUNPATH_SEARCH_PATHS = "$(inherited) @executable_path/Frameworks";
				PRODUCT_NAME = "$(TARGET_NAME)";
				SWIFT_OBJC_BRIDGING_HEADER = "Koolie/Koolie-Bridging-Header.h";
				TARGETED_DEVICE_FAMILY = 1;
			};
			name = Release;
		};
		1BF111E91A2CFE9800E98C22 /* Debug */ = {
			isa = XCBuildConfiguration;
			buildSettings = {
				BUNDLE_LOADER = "$(TEST_HOST)";
				FRAMEWORK_SEARCH_PATHS = (
					"$(SDKROOT)/Developer/Library/Frameworks",
					"$(inherited)",
				);
				GCC_PREPROCESSOR_DEFINITIONS = (
					"DEBUG=1",
					"$(inherited)",
				);
				INFOPLIST_FILE = KoolieTests/Info.plist;
				LD_RUNPATH_SEARCH_PATHS = "$(inherited) @executable_path/Frameworks @loader_path/Frameworks";
				PRODUCT_NAME = "$(TARGET_NAME)";
				TEST_HOST = "$(BUILT_PRODUCTS_DIR)/Koolie.app/Koolie";
			};
			name = Debug;
		};
		1BF111EA1A2CFE9800E98C22 /* Release */ = {
			isa = XCBuildConfiguration;
			buildSettings = {
				BUNDLE_LOADER = "$(TEST_HOST)";
				FRAMEWORK_SEARCH_PATHS = (
					"$(SDKROOT)/Developer/Library/Frameworks",
					"$(inherited)",
				);
				INFOPLIST_FILE = KoolieTests/Info.plist;
				LD_RUNPATH_SEARCH_PATHS = "$(inherited) @executable_path/Frameworks @loader_path/Frameworks";
				PRODUCT_NAME = "$(TARGET_NAME)";
				TEST_HOST = "$(BUILT_PRODUCTS_DIR)/Koolie.app/Koolie";
			};
			name = Release;
		};
/* End XCBuildConfiguration section */

/* Begin XCConfigurationList section */
		1BF111BE1A2CFE9700E98C22 /* Build configuration list for PBXProject "Koolie" */ = {
			isa = XCConfigurationList;
			buildConfigurations = (
				1BF111E31A2CFE9800E98C22 /* Debug */,
				1BF111E41A2CFE9800E98C22 /* Release */,
			);
			defaultConfigurationIsVisible = 0;
			defaultConfigurationName = Release;
		};
		1BF111E51A2CFE9800E98C22 /* Build configuration list for PBXNativeTarget "Koolie" */ = {
			isa = XCConfigurationList;
			buildConfigurations = (
				1BF111E61A2CFE9800E98C22 /* Debug */,
				1BF111E71A2CFE9800E98C22 /* Release */,
			);
			defaultConfigurationIsVisible = 0;
			defaultConfigurationName = Release;
		};
		1BF111E81A2CFE9800E98C22 /* Build configuration list for PBXNativeTarget "KoolieTests" */ = {
			isa = XCConfigurationList;
			buildConfigurations = (
				1BF111E91A2CFE9800E98C22 /* Debug */,
				1BF111EA1A2CFE9800E98C22 /* Release */,
			);
			defaultConfigurationIsVisible = 0;
			defaultConfigurationName = Release;
		};
/* End XCConfigurationList section */

/* Begin XCVersionGroup section */
		1BF112101A2D050D00E98C22 /* Koolie.xcdatamodeld */ = {
			isa = XCVersionGroup;
			children = (
				1BF112111A2D050D00E98C22 /* Koolie.xcdatamodel */,
			);
			currentVersion = 1BF112111A2D050D00E98C22 /* Koolie.xcdatamodel */;
			path = Koolie.xcdatamodeld;
			sourceTree = "<group>";
			versionGroupType = wrapper.xcdatamodel;
		};
/* End XCVersionGroup section */
	};
	rootObject = 1BF111BB1A2CFE9700E98C22 /* Project object */;
}
